<?xml version="1.0" encoding="utf-8"?>
<Project ToolsVersion="4.0" xmlns="http://schemas.microsoft.com/developer/msbuild/2003">
  <ItemGroup>
    <ClInclude Include="header\ppm.hpp" />
    <ClInclude Include="header\image.hpp" />
    <ClInclude Include="header\utilities.hpp" />
  </ItemGroup>
  <ItemGroup>
    <None Include="ppm\cube.ppm" />
  </ItemGroup>
  <ItemGroup>
    <Text Include="ppm\pseudo.txt" />
  </ItemGroup>
  <ItemGroup>
    <ClCompile Include="source\main.cpp" />
  </ItemGroup>
</Project>